
Microsoft Visual Studio Solution File, Format Version 11.00
# Visual Studio 2010
Project("{FAE04EC0-301F-11D3-BF4B-00C04F79EFBC}") = "Test", "Test\Test.csproj", "{E357A8F3-D9F7-46C1-A7F2-482129DB8D6C}"
EndProject
Project("{FAE04EC0-301F-11D3-BF4B-00C04F79EFBC}") = "Config", "..\Common\Config\Config.csproj", "{6474B7CE-E794-4A86-9E24-D1B9CBACAB6D}"
EndProject
Project("{FAE04EC0-301F-11D3-BF4B-00C04F79EFBC}") = "OpenSSL", "..\Common\OpenSSL\OpenSSL.csproj", "{7432DC63-265B-4989-87ED-26CD44C67D41}"
EndProject
Project("{FAE04EC0-301F-11D3-BF4B-00C04F79EFBC}") = "JsonBase", "..\Common\JsonBase\JsonBase.csproj", "{23B16B7E-4450-4738-B4FD-318D2FF528F0}"
EndProject
Project("{FAE04EC0-301F-11D3-BF4B-00C04F79EFBC}") = "IAMLog", "..\Common\IAMLog\IAMLog.csproj", "{7C1F449A-8BCC-4E36-953D-C0D4F8FC5FF3}"
EndProject
Project("{FAE04EC0-301F-11D3-BF4B-00C04F79EFBC}") = "IAMInbound", "IAMInbound\IAMInbound.csproj", "{1CBEFBC1-D827-4825-9570-947A9527A9FC}"
EndProject
Project("{FAE04EC0-301F-11D3-BF4B-00C04F79EFBC}") = "IAMEngine", "IAMEngine\IAMEngine.csproj", "{DFEE0586-9BB2-44AF-AD0C-D02C42C735BA}"
EndProject
Project("{FAE04EC0-301F-11D3-BF4B-00C04F79EFBC}") = "IAMDispatcher", "IAMDispatcher\IAMDispatcher.csproj", "{B36468E1-8017-424A-8470-23E7B631E676}"
EndProject
Project("{FAE04EC0-301F-11D3-BF4B-00C04F79EFBC}") = "IAMDeploy", "IAMDeploy\IAMDeploy.csproj", "{0A454895-047B-4BE2-9AB9-8375BC6B2A6A}"
EndProject
Project("{FAE04EC0-301F-11D3-BF4B-00C04F79EFBC}") = "IAMGlobalDefs", "..\Common\GlobalDefs\IAMGlobalDefs.csproj", "{46F9802A-EF9A-49F3-8AD3-0B67A4C54701}"
EndProject
Project("{FAE04EC0-301F-11D3-BF4B-00C04F79EFBC}") = "IAMRenewServerCert", "IAMRenewServerCert\IAMRenewServerCert.csproj", "{9956D3CA-17A2-4DC9-A1FE-47B3141AF392}"
EndProject
Project("{FAE04EC0-301F-11D3-BF4B-00C04F79EFBC}") = "IAMReport", "IAMReport\IAMReport.csproj", "{EE174021-7A0D-420C-81BA-3C4C01656C60}"
EndProject
Project("{FAE04EC0-301F-11D3-BF4B-00C04F79EFBC}") = "APIChangePwd", "APIChangePwd\APIChangePwd.csproj", "{3A318507-5C98-4249-891A-9AAE53B94E96}"
EndProject
Project("{FAE04EC0-301F-11D3-BF4B-00C04F79EFBC}") = "InstallConfig", "InstallConfig\InstallConfig.csproj", "{E941DB42-67D7-4C5A-B884-31DF297984B9}"
EndProject
Project("{FAE04EC0-301F-11D3-BF4B-00C04F79EFBC}") = "IAMEnterpriseCreator", "..\Common\IAMEnterpriseCreator\IAMEnterpriseCreator.csproj", "{9AC187F2-26C6-4FDA-903A-0D6D39BFCB31}"
EndProject
Project("{FAE04EC0-301F-11D3-BF4B-00C04F79EFBC}") = "Filters", "..\Common\Filters\Filters.csproj", "{C83BDB17-3325-4E28-B949-50BCD340E206}"
EndProject
Project("{FAE04EC0-301F-11D3-BF4B-00C04F79EFBC}") = "UserProcess", "..\Common\UserProcess\UserProcess.csproj", "{17A2A718-B3D5-4769-AD7E-8405714A6E8E}"
EndProject
Project("{FAE04EC0-301F-11D3-BF4B-00C04F79EFBC}") = "IAMWatchdog", "IAMWatchdog\IAMWatchdog.csproj", "{B8968C60-85B1-4B61-9A58-384B0BD84B61}"
EndProject
Project("{FAE04EC0-301F-11D3-BF4B-00C04F79EFBC}") = "DatabaseResource", "..\Common\DatabaseResource\DatabaseResource.csproj", "{7956F6F3-7EC7-4E56-BFA6-57A778A88844}"
EndProject
Project("{FAE04EC0-301F-11D3-BF4B-00C04F79EFBC}") = "ReportBase", "..\Common\ReportBase\ReportBase.csproj", "{46BC002F-2D48-4F5B-BC25-263B04AEAA84}"
EndProject
Project("{FAE04EC0-301F-11D3-BF4B-00C04F79EFBC}") = "IAMMessenger", "IAMMessenger\IAMMessenger.csproj", "{C3140D9F-AF6A-4848-BED1-0C62C40CB367}"
EndProject
Project("{FAE04EC0-301F-11D3-BF4B-00C04F79EFBC}") = "IAMWorkflowProcessor", "IAMWorkflowProcessor\IAMWorkflowProcessor.csproj", "{A01C0CEB-B9AE-4840-8E0D-B0C04028077F}"
EndProject
Project("{FAE04EC0-301F-11D3-BF4B-00C04F79EFBC}") = "IAMWorkflow", "..\Common\IAMWorkflow\IAMWorkflow.csproj", "{14DE77DA-06B1-4FBC-8ABA-1AD4101A4B5B}"
EndProject
Project("{FAE04EC0-301F-11D3-BF4B-00C04F79EFBC}") = "InstallWizard", "InstallWizard\InstallWizard.csproj", "{BDD85EBD-534A-4338-9A1E-7C3B0848C5BA}"
EndProject
Project("{FAE04EC0-301F-11D3-BF4B-00C04F79EFBC}") = "IAMBackup", "IAMBackup\IAMBackup.csproj", "{CBAD44AF-D82D-4390-872F-2F0125F29B21}"
EndProject
Global
	GlobalSection(SolutionConfigurationPlatforms) = preSolution
		Debug|Any CPU = Debug|Any CPU
		Debug|Mixed Platforms = Debug|Mixed Platforms
		Debug|x86 = Debug|x86
		Release|Any CPU = Release|Any CPU
		Release|Mixed Platforms = Release|Mixed Platforms
		Release|x86 = Release|x86
		TYPE_SAFE|Any CPU = TYPE_SAFE|Any CPU
		TYPE_SAFE|Mixed Platforms = TYPE_SAFE|Mixed Platforms
		TYPE_SAFE|x86 = TYPE_SAFE|x86
	EndGlobalSection
	GlobalSection(ProjectConfigurationPlatforms) = postSolution
		{E357A8F3-D9F7-46C1-A7F2-482129DB8D6C}.Debug|Any CPU.ActiveCfg = Debug|x86
		{E357A8F3-D9F7-46C1-A7F2-482129DB8D6C}.Debug|Mixed Platforms.ActiveCfg = Debug|x86
		{E357A8F3-D9F7-46C1-A7F2-482129DB8D6C}.Debug|Mixed Platforms.Build.0 = Debug|x86
		{E357A8F3-D9F7-46C1-A7F2-482129DB8D6C}.Debug|x86.ActiveCfg = Debug|x86
		{E357A8F3-D9F7-46C1-A7F2-482129DB8D6C}.Debug|x86.Build.0 = Debug|x86
		{E357A8F3-D9F7-46C1-A7F2-482129DB8D6C}.Release|Any CPU.ActiveCfg = Release|x86
		{E357A8F3-D9F7-46C1-A7F2-482129DB8D6C}.Release|Mixed Platforms.ActiveCfg = Release|x86
		{E357A8F3-D9F7-46C1-A7F2-482129DB8D6C}.Release|Mixed Platforms.Build.0 = Release|x86
		{E357A8F3-D9F7-46C1-A7F2-482129DB8D6C}.Release|x86.ActiveCfg = Release|x86
		{E357A8F3-D9F7-46C1-A7F2-482129DB8D6C}.Release|x86.Build.0 = Release|x86
		{E357A8F3-D9F7-46C1-A7F2-482129DB8D6C}.TYPE_SAFE|Any CPU.ActiveCfg = Release|x86
		{E357A8F3-D9F7-46C1-A7F2-482129DB8D6C}.TYPE_SAFE|Mixed Platforms.ActiveCfg = Release|x86
		{E357A8F3-D9F7-46C1-A7F2-482129DB8D6C}.TYPE_SAFE|Mixed Platforms.Build.0 = Release|x86
		{E357A8F3-D9F7-46C1-A7F2-482129DB8D6C}.TYPE_SAFE|x86.ActiveCfg = Release|x86
		{E357A8F3-D9F7-46C1-A7F2-482129DB8D6C}.TYPE_SAFE|x86.Build.0 = Release|x86
		{6474B7CE-E794-4A86-9E24-D1B9CBACAB6D}.Debug|Any CPU.ActiveCfg = Debug|x86
		{6474B7CE-E794-4A86-9E24-D1B9CBACAB6D}.Debug|Mixed Platforms.ActiveCfg = Debug|x86
		{6474B7CE-E794-4A86-9E24-D1B9CBACAB6D}.Debug|Mixed Platforms.Build.0 = Debug|x86
		{6474B7CE-E794-4A86-9E24-D1B9CBACAB6D}.Debug|x86.ActiveCfg = Debug|x86
		{6474B7CE-E794-4A86-9E24-D1B9CBACAB6D}.Debug|x86.Build.0 = Debug|x86
		{6474B7CE-E794-4A86-9E24-D1B9CBACAB6D}.Release|Any CPU.ActiveCfg = Release|x86
		{6474B7CE-E794-4A86-9E24-D1B9CBACAB6D}.Release|Mixed Platforms.ActiveCfg = Release|x86
		{6474B7CE-E794-4A86-9E24-D1B9CBACAB6D}.Release|Mixed Platforms.Build.0 = Release|x86
		{6474B7CE-E794-4A86-9E24-D1B9CBACAB6D}.Release|x86.ActiveCfg = Release|x86
		{6474B7CE-E794-4A86-9E24-D1B9CBACAB6D}.Release|x86.Build.0 = Release|x86
		{6474B7CE-E794-4A86-9E24-D1B9CBACAB6D}.TYPE_SAFE|Any CPU.ActiveCfg = Release|x86
		{6474B7CE-E794-4A86-9E24-D1B9CBACAB6D}.TYPE_SAFE|Mixed Platforms.ActiveCfg = Release|x86
		{6474B7CE-E794-4A86-9E24-D1B9CBACAB6D}.TYPE_SAFE|Mixed Platforms.Build.0 = Release|x86
		{6474B7CE-E794-4A86-9E24-D1B9CBACAB6D}.TYPE_SAFE|x86.ActiveCfg = Release|x86
		{6474B7CE-E794-4A86-9E24-D1B9CBACAB6D}.TYPE_SAFE|x86.Build.0 = Release|x86
		{7432DC63-265B-4989-87ED-26CD44C67D41}.Debug|Any CPU.ActiveCfg = Debug|Any CPU
		{7432DC63-265B-4989-87ED-26CD44C67D41}.Debug|Any CPU.Build.0 = Debug|Any CPU
		{7432DC63-265B-4989-87ED-26CD44C67D41}.Debug|Mixed Platforms.ActiveCfg = Debug|Any CPU
		{7432DC63-265B-4989-87ED-26CD44C67D41}.Debug|Mixed Platforms.Build.0 = Debug|Any CPU
		{7432DC63-265B-4989-87ED-26CD44C67D41}.Debug|x86.ActiveCfg = Debug|Any CPU
		{7432DC63-265B-4989-87ED-26CD44C67D41}.Release|Any CPU.ActiveCfg = Release|Any CPU
		{7432DC63-265B-4989-87ED-26CD44C67D41}.Release|Any CPU.Build.0 = Release|Any CPU
		{7432DC63-265B-4989-87ED-26CD44C67D41}.Release|Mixed Platforms.ActiveCfg = Release|Any CPU
		{7432DC63-265B-4989-87ED-26CD44C67D41}.Release|Mixed Platforms.Build.0 = Release|Any CPU
		{7432DC63-265B-4989-87ED-26CD44C67D41}.Release|x86.ActiveCfg = Release|Any CPU
		{7432DC63-265B-4989-87ED-26CD44C67D41}.TYPE_SAFE|Any CPU.ActiveCfg = Release|Any CPU
		{7432DC63-265B-4989-87ED-26CD44C67D41}.TYPE_SAFE|Any CPU.Build.0 = Release|Any CPU
		{7432DC63-265B-4989-87ED-26CD44C67D41}.TYPE_SAFE|Mixed Platforms.ActiveCfg = Release|Any CPU
		{7432DC63-265B-4989-87ED-26CD44C67D41}.TYPE_SAFE|Mixed Platforms.Build.0 = Release|Any CPU
		{7432DC63-265B-4989-87ED-26CD44C67D41}.TYPE_SAFE|x86.ActiveCfg = Release|Any CPU
		{23B16B7E-4450-4738-B4FD-318D2FF528F0}.Debug|Any CPU.ActiveCfg = Debug|Any CPU
		{23B16B7E-4450-4738-B4FD-318D2FF528F0}.Debug|Any CPU.Build.0 = Debug|Any CPU
		{23B16B7E-4450-4738-B4FD-318D2FF528F0}.Debug|Mixed Platforms.ActiveCfg = Debug|Any CPU
		{23B16B7E-4450-4738-B4FD-318D2FF528F0}.Debug|Mixed Platforms.Build.0 = Debug|Any CPU
		{23B16B7E-4450-4738-B4FD-318D2FF528F0}.Debug|x86.ActiveCfg = Debug|Any CPU
		{23B16B7E-4450-4738-B4FD-318D2FF528F0}.Release|Any CPU.ActiveCfg = Release|Any CPU
		{23B16B7E-4450-4738-B4FD-318D2FF528F0}.Release|Any CPU.Build.0 = Release|Any CPU
		{23B16B7E-4450-4738-B4FD-318D2FF528F0}.Release|Mixed Platforms.ActiveCfg = Release|Any CPU
		{23B16B7E-4450-4738-B4FD-318D2FF528F0}.Release|Mixed Platforms.Build.0 = Release|Any CPU
		{23B16B7E-4450-4738-B4FD-318D2FF528F0}.Release|x86.ActiveCfg = Release|Any CPU
		{23B16B7E-4450-4738-B4FD-318D2FF528F0}.TYPE_SAFE|Any CPU.ActiveCfg = Release|Any CPU
		{23B16B7E-4450-4738-B4FD-318D2FF528F0}.TYPE_SAFE|Any CPU.Build.0 = Release|Any CPU
		{23B16B7E-4450-4738-B4FD-318D2FF528F0}.TYPE_SAFE|Mixed Platforms.ActiveCfg = Release|Any CPU
		{23B16B7E-4450-4738-B4FD-318D2FF528F0}.TYPE_SAFE|Mixed Platforms.Build.0 = Release|Any CPU
		{23B16B7E-4450-4738-B4FD-318D2FF528F0}.TYPE_SAFE|x86.ActiveCfg = Release|Any CPU
		{7C1F449A-8BCC-4E36-953D-C0D4F8FC5FF3}.Debug|Any CPU.ActiveCfg = Debug|Any CPU
		{7C1F449A-8BCC-4E36-953D-C0D4F8FC5FF3}.Debug|Any CPU.Build.0 = Debug|Any CPU
		{7C1F449A-8BCC-4E36-953D-C0D4F8FC5FF3}.Debug|Mixed Platforms.ActiveCfg = Debug|Any CPU
		{7C1F449A-8BCC-4E36-953D-C0D4F8FC5FF3}.Debug|Mixed Platforms.Build.0 = Debug|Any CPU
		{7C1F449A-8BCC-4E36-953D-C0D4F8FC5FF3}.Debug|x86.ActiveCfg = Debug|Any CPU
		{7C1F449A-8BCC-4E36-953D-C0D4F8FC5FF3}.Release|Any CPU.ActiveCfg = Release|Any CPU
		{7C1F449A-8BCC-4E36-953D-C0D4F8FC5FF3}.Release|Any CPU.Build.0 = Release|Any CPU
		{7C1F449A-8BCC-4E36-953D-C0D4F8FC5FF3}.Release|Mixed Platforms.ActiveCfg = Release|Any CPU
		{7C1F449A-8BCC-4E36-953D-C0D4F8FC5FF3}.Release|Mixed Platforms.Build.0 = Release|Any CPU
		{7C1F449A-8BCC-4E36-953D-C0D4F8FC5FF3}.Release|x86.ActiveCfg = Release|Any CPU
		{7C1F449A-8BCC-4E36-953D-C0D4F8FC5FF3}.TYPE_SAFE|Any CPU.ActiveCfg = Release|Any CPU
		{7C1F449A-8BCC-4E36-953D-C0D4F8FC5FF3}.TYPE_SAFE|Any CPU.Build.0 = Release|Any CPU
		{7C1F449A-8BCC-4E36-953D-C0D4F8FC5FF3}.TYPE_SAFE|Mixed Platforms.ActiveCfg = Release|Any CPU
		{7C1F449A-8BCC-4E36-953D-C0D4F8FC5FF3}.TYPE_SAFE|Mixed Platforms.Build.0 = Release|Any CPU
		{7C1F449A-8BCC-4E36-953D-C0D4F8FC5FF3}.TYPE_SAFE|x86.ActiveCfg = Release|Any CPU
		{1CBEFBC1-D827-4825-9570-947A9527A9FC}.Debug|Any CPU.ActiveCfg = Debug|x86
		{1CBEFBC1-D827-4825-9570-947A9527A9FC}.Debug|Mixed Platforms.ActiveCfg = Debug|x86
		{1CBEFBC1-D827-4825-9570-947A9527A9FC}.Debug|Mixed Platforms.Build.0 = Debug|x86
		{1CBEFBC1-D827-4825-9570-947A9527A9FC}.Debug|x86.ActiveCfg = Debug|x86
		{1CBEFBC1-D827-4825-9570-947A9527A9FC}.Debug|x86.Build.0 = Debug|x86
		{1CBEFBC1-D827-4825-9570-947A9527A9FC}.Release|Any CPU.ActiveCfg = Release|x86
		{1CBEFBC1-D827-4825-9570-947A9527A9FC}.Release|Mixed Platforms.ActiveCfg = Release|x86
		{1CBEFBC1-D827-4825-9570-947A9527A9FC}.Release|Mixed Platforms.Build.0 = Release|x86
		{1CBEFBC1-D827-4825-9570-947A9527A9FC}.Release|x86.ActiveCfg = Release|x86
		{1CBEFBC1-D827-4825-9570-947A9527A9FC}.Release|x86.Build.0 = Release|x86
		{1CBEFBC1-D827-4825-9570-947A9527A9FC}.TYPE_SAFE|Any CPU.ActiveCfg = Release|x86
		{1CBEFBC1-D827-4825-9570-947A9527A9FC}.TYPE_SAFE|Mixed Platforms.ActiveCfg = Release|x86
		{1CBEFBC1-D827-4825-9570-947A9527A9FC}.TYPE_SAFE|Mixed Platforms.Build.0 = Release|x86
		{1CBEFBC1-D827-4825-9570-947A9527A9FC}.TYPE_SAFE|x86.ActiveCfg = Release|x86
		{1CBEFBC1-D827-4825-9570-947A9527A9FC}.TYPE_SAFE|x86.Build.0 = Release|x86
		{DFEE0586-9BB2-44AF-AD0C-D02C42C735BA}.Debug|Any CPU.ActiveCfg = Debug|x86
		{DFEE0586-9BB2-44AF-AD0C-D02C42C735BA}.Debug|Mixed Platforms.ActiveCfg = Debug|x86
		{DFEE0586-9BB2-44AF-AD0C-D02C42C735BA}.Debug|Mixed Platforms.Build.0 = Debug|x86
		{DFEE0586-9BB2-44AF-AD0C-D02C42C735BA}.Debug|x86.ActiveCfg = Debug|x86
		{DFEE0586-9BB2-44AF-AD0C-D02C42C735BA}.Debug|x86.Build.0 = Debug|x86
		{DFEE0586-9BB2-44AF-AD0C-D02C42C735BA}.Release|Any CPU.ActiveCfg = Release|x86
		{DFEE0586-9BB2-44AF-AD0C-D02C42C735BA}.Release|Mixed Platforms.ActiveCfg = Release|x86
		{DFEE0586-9BB2-44AF-AD0C-D02C42C735BA}.Release|Mixed Platforms.Build.0 = Release|x86
		{DFEE0586-9BB2-44AF-AD0C-D02C42C735BA}.Release|x86.ActiveCfg = Release|x86
		{DFEE0586-9BB2-44AF-AD0C-D02C42C735BA}.Release|x86.Build.0 = Release|x86
		{DFEE0586-9BB2-44AF-AD0C-D02C42C735BA}.TYPE_SAFE|Any CPU.ActiveCfg = Release|x86
		{DFEE0586-9BB2-44AF-AD0C-D02C42C735BA}.TYPE_SAFE|Mixed Platforms.ActiveCfg = Release|x86
		{DFEE0586-9BB2-44AF-AD0C-D02C42C735BA}.TYPE_SAFE|Mixed Platforms.Build.0 = Release|x86
		{DFEE0586-9BB2-44AF-AD0C-D02C42C735BA}.TYPE_SAFE|x86.ActiveCfg = Release|x86
		{DFEE0586-9BB2-44AF-AD0C-D02C42C735BA}.TYPE_SAFE|x86.Build.0 = Release|x86
		{B36468E1-8017-424A-8470-23E7B631E676}.Debug|Any CPU.ActiveCfg = Debug|x86
		{B36468E1-8017-424A-8470-23E7B631E676}.Debug|Mixed Platforms.ActiveCfg = Debug|x86
		{B36468E1-8017-424A-8470-23E7B631E676}.Debug|Mixed Platforms.Build.0 = Debug|x86
		{B36468E1-8017-424A-8470-23E7B631E676}.Debug|x86.ActiveCfg = Debug|x86
		{B36468E1-8017-424A-8470-23E7B631E676}.Debug|x86.Build.0 = Debug|x86
		{B36468E1-8017-424A-8470-23E7B631E676}.Release|Any CPU.ActiveCfg = Release|x86
		{B36468E1-8017-424A-8470-23E7B631E676}.Release|Mixed Platforms.ActiveCfg = Release|x86
		{B36468E1-8017-424A-8470-23E7B631E676}.Release|Mixed Platforms.Build.0 = Release|x86
		{B36468E1-8017-424A-8470-23E7B631E676}.Release|x86.ActiveCfg = Release|x86
		{B36468E1-8017-424A-8470-23E7B631E676}.Release|x86.Build.0 = Release|x86
		{B36468E1-8017-424A-8470-23E7B631E676}.TYPE_SAFE|Any CPU.ActiveCfg = Release|x86
		{B36468E1-8017-424A-8470-23E7B631E676}.TYPE_SAFE|Mixed Platforms.ActiveCfg = Release|x86
		{B36468E1-8017-424A-8470-23E7B631E676}.TYPE_SAFE|Mixed Platforms.Build.0 = Release|x86
		{B36468E1-8017-424A-8470-23E7B631E676}.TYPE_SAFE|x86.ActiveCfg = Release|x86
		{B36468E1-8017-424A-8470-23E7B631E676}.TYPE_SAFE|x86.Build.0 = Release|x86
		{0A454895-047B-4BE2-9AB9-8375BC6B2A6A}.Debug|Any CPU.ActiveCfg = Debug|Any CPU
		{0A454895-047B-4BE2-9AB9-8375BC6B2A6A}.Debug|Any CPU.Build.0 = Debug|Any CPU
		{0A454895-047B-4BE2-9AB9-8375BC6B2A6A}.Debug|Mixed Platforms.ActiveCfg = Debug|Any CPU
		{0A454895-047B-4BE2-9AB9-8375BC6B2A6A}.Debug|Mixed Platforms.Build.0 = Debug|Any CPU
		{0A454895-047B-4BE2-9AB9-8375BC6B2A6A}.Debug|x86.ActiveCfg = Debug|Any CPU
		{0A454895-047B-4BE2-9AB9-8375BC6B2A6A}.Release|Any CPU.ActiveCfg = Release|Any CPU
		{0A454895-047B-4BE2-9AB9-8375BC6B2A6A}.Release|Any CPU.Build.0 = Release|Any CPU
		{0A454895-047B-4BE2-9AB9-8375BC6B2A6A}.Release|Mixed Platforms.ActiveCfg = Release|Any CPU
		{0A454895-047B-4BE2-9AB9-8375BC6B2A6A}.Release|Mixed Platforms.Build.0 = Release|Any CPU
		{0A454895-047B-4BE2-9AB9-8375BC6B2A6A}.Release|x86.ActiveCfg = Release|Any CPU
		{0A454895-047B-4BE2-9AB9-8375BC6B2A6A}.TYPE_SAFE|Any CPU.ActiveCfg = Release|Any CPU
		{0A454895-047B-4BE2-9AB9-8375BC6B2A6A}.TYPE_SAFE|Any CPU.Build.0 = Release|Any CPU
		{0A454895-047B-4BE2-9AB9-8375BC6B2A6A}.TYPE_SAFE|Mixed Platforms.ActiveCfg = Release|Any CPU
		{0A454895-047B-4BE2-9AB9-8375BC6B2A6A}.TYPE_SAFE|Mixed Platforms.Build.0 = Release|Any CPU
		{0A454895-047B-4BE2-9AB9-8375BC6B2A6A}.TYPE_SAFE|x86.ActiveCfg = Release|Any CPU
		{46F9802A-EF9A-49F3-8AD3-0B67A4C54701}.Debug|Any CPU.ActiveCfg = Debug|Any CPU
		{46F9802A-EF9A-49F3-8AD3-0B67A4C54701}.Debug|Any CPU.Build.0 = Debug|Any CPU
		{46F9802A-EF9A-49F3-8AD3-0B67A4C54701}.Debug|Mixed Platforms.ActiveCfg = Debug|Any CPU
		{46F9802A-EF9A-49F3-8AD3-0B67A4C54701}.Debug|Mixed Platforms.Build.0 = Debug|Any CPU
		{46F9802A-EF9A-49F3-8AD3-0B67A4C54701}.Debug|x86.ActiveCfg = Debug|Any CPU
		{46F9802A-EF9A-49F3-8AD3-0B67A4C54701}.Release|Any CPU.ActiveCfg = Release|Any CPU
		{46F9802A-EF9A-49F3-8AD3-0B67A4C54701}.Release|Any CPU.Build.0 = Release|Any CPU
		{46F9802A-EF9A-49F3-8AD3-0B67A4C54701}.Release|Mixed Platforms.ActiveCfg = Release|Any CPU
		{46F9802A-EF9A-49F3-8AD3-0B67A4C54701}.Release|Mixed Platforms.Build.0 = Release|Any CPU
		{46F9802A-EF9A-49F3-8AD3-0B67A4C54701}.Release|x86.ActiveCfg = Release|Any CPU
		{46F9802A-EF9A-49F3-8AD3-0B67A4C54701}.TYPE_SAFE|Any CPU.ActiveCfg = Release|Any CPU
		{46F9802A-EF9A-49F3-8AD3-0B67A4C54701}.TYPE_SAFE|Any CPU.Build.0 = Release|Any CPU
		{46F9802A-EF9A-49F3-8AD3-0B67A4C54701}.TYPE_SAFE|Mixed Platforms.ActiveCfg = Release|Any CPU
		{46F9802A-EF9A-49F3-8AD3-0B67A4C54701}.TYPE_SAFE|Mixed Platforms.Build.0 = Release|Any CPU
		{46F9802A-EF9A-49F3-8AD3-0B67A4C54701}.TYPE_SAFE|x86.ActiveCfg = Release|Any CPU
		{9956D3CA-17A2-4DC9-A1FE-47B3141AF392}.Debug|Any CPU.ActiveCfg = Debug|x86
		{9956D3CA-17A2-4DC9-A1FE-47B3141AF392}.Debug|Mixed Platforms.ActiveCfg = Debug|x86
		{9956D3CA-17A2-4DC9-A1FE-47B3141AF392}.Debug|Mixed Platforms.Build.0 = Debug|x86
		{9956D3CA-17A2-4DC9-A1FE-47B3141AF392}.Debug|x86.ActiveCfg = Debug|x86
		{9956D3CA-17A2-4DC9-A1FE-47B3141AF392}.Debug|x86.Build.0 = Debug|x86
		{9956D3CA-17A2-4DC9-A1FE-47B3141AF392}.Release|Any CPU.ActiveCfg = Release|x86
		{9956D3CA-17A2-4DC9-A1FE-47B3141AF392}.Release|Mixed Platforms.ActiveCfg = Release|x86
		{9956D3CA-17A2-4DC9-A1FE-47B3141AF392}.Release|Mixed Platforms.Build.0 = Release|x86
		{9956D3CA-17A2-4DC9-A1FE-47B3141AF392}.Release|x86.ActiveCfg = Release|x86
		{9956D3CA-17A2-4DC9-A1FE-47B3141AF392}.Release|x86.Build.0 = Release|x86
		{9956D3CA-17A2-4DC9-A1FE-47B3141AF392}.TYPE_SAFE|Any CPU.ActiveCfg = Release|x86
		{9956D3CA-17A2-4DC9-A1FE-47B3141AF392}.TYPE_SAFE|Mixed Platforms.ActiveCfg = Release|x86
		{9956D3CA-17A2-4DC9-A1FE-47B3141AF392}.TYPE_SAFE|Mixed Platforms.Build.0 = Release|x86
		{9956D3CA-17A2-4DC9-A1FE-47B3141AF392}.TYPE_SAFE|x86.ActiveCfg = Release|x86
		{9956D3CA-17A2-4DC9-A1FE-47B3141AF392}.TYPE_SAFE|x86.Build.0 = Release|x86
		{EE174021-7A0D-420C-81BA-3C4C01656C60}.Debug|Any CPU.ActiveCfg = Debug|x86
		{EE174021-7A0D-420C-81BA-3C4C01656C60}.Debug|Mixed Platforms.ActiveCfg = Debug|x86
		{EE174021-7A0D-420C-81BA-3C4C01656C60}.Debug|Mixed Platforms.Build.0 = Debug|x86
		{EE174021-7A0D-420C-81BA-3C4C01656C60}.Debug|x86.ActiveCfg = Debug|x86
		{EE174021-7A0D-420C-81BA-3C4C01656C60}.Debug|x86.Build.0 = Debug|x86
		{EE174021-7A0D-420C-81BA-3C4C01656C60}.Release|Any CPU.ActiveCfg = Release|x86
		{EE174021-7A0D-420C-81BA-3C4C01656C60}.Release|Mixed Platforms.ActiveCfg = Release|x86
		{EE174021-7A0D-420C-81BA-3C4C01656C60}.Release|Mixed Platforms.Build.0 = Release|x86
		{EE174021-7A0D-420C-81BA-3C4C01656C60}.Release|x86.ActiveCfg = Release|x86
		{EE174021-7A0D-420C-81BA-3C4C01656C60}.Release|x86.Build.0 = Release|x86
		{EE174021-7A0D-420C-81BA-3C4C01656C60}.TYPE_SAFE|Any CPU.ActiveCfg = Release|x86
		{EE174021-7A0D-420C-81BA-3C4C01656C60}.TYPE_SAFE|Mixed Platforms.ActiveCfg = Release|x86
		{EE174021-7A0D-420C-81BA-3C4C01656C60}.TYPE_SAFE|Mixed Platforms.Build.0 = Release|x86
		{EE174021-7A0D-420C-81BA-3C4C01656C60}.TYPE_SAFE|x86.ActiveCfg = Release|x86
		{EE174021-7A0D-420C-81BA-3C4C01656C60}.TYPE_SAFE|x86.Build.0 = Release|x86
		{3A318507-5C98-4249-891A-9AAE53B94E96}.Debug|Any CPU.ActiveCfg = Debug|x86
		{3A318507-5C98-4249-891A-9AAE53B94E96}.Debug|Mixed Platforms.ActiveCfg = Debug|x86
		{3A318507-5C98-4249-891A-9AAE53B94E96}.Debug|Mixed Platforms.Build.0 = Debug|x86
		{3A318507-5C98-4249-891A-9AAE53B94E96}.Debug|x86.ActiveCfg = Debug|x86
		{3A318507-5C98-4249-891A-9AAE53B94E96}.Debug|x86.Build.0 = Debug|x86
		{3A318507-5C98-4249-891A-9AAE53B94E96}.Release|Any CPU.ActiveCfg = Release|x86
		{3A318507-5C98-4249-891A-9AAE53B94E96}.Release|Mixed Platforms.ActiveCfg = Release|x86
		{3A318507-5C98-4249-891A-9AAE53B94E96}.Release|Mixed Platforms.Build.0 = Release|x86
		{3A318507-5C98-4249-891A-9AAE53B94E96}.Release|x86.ActiveCfg = Release|x86
		{3A318507-5C98-4249-891A-9AAE53B94E96}.Release|x86.Build.0 = Release|x86
		{3A318507-5C98-4249-891A-9AAE53B94E96}.TYPE_SAFE|Any CPU.ActiveCfg = Release|x86
		{3A318507-5C98-4249-891A-9AAE53B94E96}.TYPE_SAFE|Mixed Platforms.ActiveCfg = Release|x86
		{3A318507-5C98-4249-891A-9AAE53B94E96}.TYPE_SAFE|Mixed Platforms.Build.0 = Release|x86
		{3A318507-5C98-4249-891A-9AAE53B94E96}.TYPE_SAFE|x86.ActiveCfg = Release|x86
		{3A318507-5C98-4249-891A-9AAE53B94E96}.TYPE_SAFE|x86.Build.0 = Release|x86
		{E941DB42-67D7-4C5A-B884-31DF297984B9}.Debug|Any CPU.ActiveCfg = Debug|x86
		{E941DB42-67D7-4C5A-B884-31DF297984B9}.Debug|Mixed Platforms.ActiveCfg = Debug|x86
		{E941DB42-67D7-4C5A-B884-31DF297984B9}.Debug|Mixed Platforms.Build.0 = Debug|x86
		{E941DB42-67D7-4C5A-B884-31DF297984B9}.Debug|x86.ActiveCfg = Debug|x86
		{E941DB42-67D7-4C5A-B884-31DF297984B9}.Debug|x86.Build.0 = Debug|x86
		{E941DB42-67D7-4C5A-B884-31DF297984B9}.Release|Any CPU.ActiveCfg = Release|x86
		{E941DB42-67D7-4C5A-B884-31DF297984B9}.Release|Mixed Platforms.ActiveCfg = Release|x86
		{E941DB42-67D7-4C5A-B884-31DF297984B9}.Release|Mixed Platforms.Build.0 = Release|x86
		{E941DB42-67D7-4C5A-B884-31DF297984B9}.Release|x86.ActiveCfg = Release|x86
		{E941DB42-67D7-4C5A-B884-31DF297984B9}.Release|x86.Build.0 = Release|x86
		{E941DB42-67D7-4C5A-B884-31DF297984B9}.TYPE_SAFE|Any CPU.ActiveCfg = Release|x86
		{E941DB42-67D7-4C5A-B884-31DF297984B9}.TYPE_SAFE|Mixed Platforms.ActiveCfg = Release|x86
		{E941DB42-67D7-4C5A-B884-31DF297984B9}.TYPE_SAFE|Mixed Platforms.Build.0 = Release|x86
		{E941DB42-67D7-4C5A-B884-31DF297984B9}.TYPE_SAFE|x86.ActiveCfg = Release|x86
		{E941DB42-67D7-4C5A-B884-31DF297984B9}.TYPE_SAFE|x86.Build.0 = Release|x86
		{9AC187F2-26C6-4FDA-903A-0D6D39BFCB31}.Debug|Any CPU.ActiveCfg = Debug|Any CPU
		{9AC187F2-26C6-4FDA-903A-0D6D39BFCB31}.Debug|Any CPU.Build.0 = Debug|Any CPU
		{9AC187F2-26C6-4FDA-903A-0D6D39BFCB31}.Debug|Mixed Platforms.ActiveCfg = Debug|Any CPU
		{9AC187F2-26C6-4FDA-903A-0D6D39BFCB31}.Debug|Mixed Platforms.Build.0 = Debug|Any CPU
		{9AC187F2-26C6-4FDA-903A-0D6D39BFCB31}.Debug|x86.ActiveCfg = Debug|Any CPU
		{9AC187F2-26C6-4FDA-903A-0D6D39BFCB31}.Release|Any CPU.ActiveCfg = Release|Any CPU
		{9AC187F2-26C6-4FDA-903A-0D6D39BFCB31}.Release|Any CPU.Build.0 = Release|Any CPU
		{9AC187F2-26C6-4FDA-903A-0D6D39BFCB31}.Release|Mixed Platforms.ActiveCfg = Release|Any CPU
		{9AC187F2-26C6-4FDA-903A-0D6D39BFCB31}.Release|Mixed Platforms.Build.0 = Release|Any CPU
		{9AC187F2-26C6-4FDA-903A-0D6D39BFCB31}.Release|x86.ActiveCfg = Release|Any CPU
		{9AC187F2-26C6-4FDA-903A-0D6D39BFCB31}.TYPE_SAFE|Any CPU.ActiveCfg = Release|Any CPU
		{9AC187F2-26C6-4FDA-903A-0D6D39BFCB31}.TYPE_SAFE|Any CPU.Build.0 = Release|Any CPU
		{9AC187F2-26C6-4FDA-903A-0D6D39BFCB31}.TYPE_SAFE|Mixed Platforms.ActiveCfg = Release|Any CPU
		{9AC187F2-26C6-4FDA-903A-0D6D39BFCB31}.TYPE_SAFE|Mixed Platforms.Build.0 = Release|Any CPU
		{9AC187F2-26C6-4FDA-903A-0D6D39BFCB31}.TYPE_SAFE|x86.ActiveCfg = Release|Any CPU
		{C83BDB17-3325-4E28-B949-50BCD340E206}.Debug|Any CPU.ActiveCfg = Debug|Any CPU
		{C83BDB17-3325-4E28-B949-50BCD340E206}.Debug|Any CPU.Build.0 = Debug|Any CPU
		{C83BDB17-3325-4E28-B949-50BCD340E206}.Debug|Mixed Platforms.ActiveCfg = Debug|Any CPU
		{C83BDB17-3325-4E28-B949-50BCD340E206}.Debug|Mixed Platforms.Build.0 = Debug|Any CPU
		{C83BDB17-3325-4E28-B949-50BCD340E206}.Debug|x86.ActiveCfg = Debug|Any CPU
		{C83BDB17-3325-4E28-B949-50BCD340E206}.Release|Any CPU.ActiveCfg = Release|Any CPU
		{C83BDB17-3325-4E28-B949-50BCD340E206}.Release|Any CPU.Build.0 = Release|Any CPU
		{C83BDB17-3325-4E28-B949-50BCD340E206}.Release|Mixed Platforms.ActiveCfg = Release|Any CPU
		{C83BDB17-3325-4E28-B949-50BCD340E206}.Release|Mixed Platforms.Build.0 = Release|Any CPU
		{C83BDB17-3325-4E28-B949-50BCD340E206}.Release|x86.ActiveCfg = Release|Any CPU
		{C83BDB17-3325-4E28-B949-50BCD340E206}.TYPE_SAFE|Any CPU.ActiveCfg = Release|Any CPU
		{C83BDB17-3325-4E28-B949-50BCD340E206}.TYPE_SAFE|Any CPU.Build.0 = Release|Any CPU
		{C83BDB17-3325-4E28-B949-50BCD340E206}.TYPE_SAFE|Mixed Platforms.ActiveCfg = Release|Any CPU
		{C83BDB17-3325-4E28-B949-50BCD340E206}.TYPE_SAFE|Mixed Platforms.Build.0 = Release|Any CPU
		{C83BDB17-3325-4E28-B949-50BCD340E206}.TYPE_SAFE|x86.ActiveCfg = Release|Any CPU
		{17A2A718-B3D5-4769-AD7E-8405714A6E8E}.Debug|Any CPU.ActiveCfg = Debug|Any CPU
		{17A2A718-B3D5-4769-AD7E-8405714A6E8E}.Debug|Any CPU.Build.0 = Debug|Any CPU
		{17A2A718-B3D5-4769-AD7E-8405714A6E8E}.Debug|Mixed Platforms.ActiveCfg = Debug|Any CPU
		{17A2A718-B3D5-4769-AD7E-8405714A6E8E}.Debug|Mixed Platforms.Build.0 = Debug|Any CPU
		{17A2A718-B3D5-4769-AD7E-8405714A6E8E}.Debug|x86.ActiveCfg = Debug|Any CPU
		{17A2A718-B3D5-4769-AD7E-8405714A6E8E}.Release|Any CPU.ActiveCfg = Release|Any CPU
		{17A2A718-B3D5-4769-AD7E-8405714A6E8E}.Release|Any CPU.Build.0 = Release|Any CPU
		{17A2A718-B3D5-4769-AD7E-8405714A6E8E}.Release|Mixed Platforms.ActiveCfg = Release|Any CPU
		{17A2A718-B3D5-4769-AD7E-8405714A6E8E}.Release|Mixed Platforms.Build.0 = Release|Any CPU
		{17A2A718-B3D5-4769-AD7E-8405714A6E8E}.Release|x86.ActiveCfg = Release|Any CPU
		{17A2A718-B3D5-4769-AD7E-8405714A6E8E}.TYPE_SAFE|Any CPU.ActiveCfg = Release|Any CPU
		{17A2A718-B3D5-4769-AD7E-8405714A6E8E}.TYPE_SAFE|Any CPU.Build.0 = Release|Any CPU
		{17A2A718-B3D5-4769-AD7E-8405714A6E8E}.TYPE_SAFE|Mixed Platforms.ActiveCfg = Release|Any CPU
		{17A2A718-B3D5-4769-AD7E-8405714A6E8E}.TYPE_SAFE|Mixed Platforms.Build.0 = Release|Any CPU
		{17A2A718-B3D5-4769-AD7E-8405714A6E8E}.TYPE_SAFE|x86.ActiveCfg = Release|Any CPU
		{B8968C60-85B1-4B61-9A58-384B0BD84B61}.Debug|Any CPU.ActiveCfg = Debug|x86
		{B8968C60-85B1-4B61-9A58-384B0BD84B61}.Debug|Mixed Platforms.ActiveCfg = Debug|x86
		{B8968C60-85B1-4B61-9A58-384B0BD84B61}.Debug|Mixed Platforms.Build.0 = Debug|x86
		{B8968C60-85B1-4B61-9A58-384B0BD84B61}.Debug|x86.ActiveCfg = Debug|x86
		{B8968C60-85B1-4B61-9A58-384B0BD84B61}.Debug|x86.Build.0 = Debug|x86
		{B8968C60-85B1-4B61-9A58-384B0BD84B61}.Release|Any CPU.ActiveCfg = Release|x86
		{B8968C60-85B1-4B61-9A58-384B0BD84B61}.Release|Mixed Platforms.ActiveCfg = Release|x86
		{B8968C60-85B1-4B61-9A58-384B0BD84B61}.Release|Mixed Platforms.Build.0 = Release|x86
		{B8968C60-85B1-4B61-9A58-384B0BD84B61}.Release|x86.ActiveCfg = Release|x86
		{B8968C60-85B1-4B61-9A58-384B0BD84B61}.Release|x86.Build.0 = Release|x86
		{B8968C60-85B1-4B61-9A58-384B0BD84B61}.TYPE_SAFE|Any CPU.ActiveCfg = Release|x86
		{B8968C60-85B1-4B61-9A58-384B0BD84B61}.TYPE_SAFE|Mixed Platforms.ActiveCfg = Release|x86
		{B8968C60-85B1-4B61-9A58-384B0BD84B61}.TYPE_SAFE|Mixed Platforms.Build.0 = Release|x86
		{B8968C60-85B1-4B61-9A58-384B0BD84B61}.TYPE_SAFE|x86.ActiveCfg = Release|x86
		{B8968C60-85B1-4B61-9A58-384B0BD84B61}.TYPE_SAFE|x86.Build.0 = Release|x86
		{7956F6F3-7EC7-4E56-BFA6-57A778A88844}.Debug|Any CPU.ActiveCfg = Debug|Any CPU
		{7956F6F3-7EC7-4E56-BFA6-57A778A88844}.Debug|Any CPU.Build.0 = Debug|Any CPU
		{7956F6F3-7EC7-4E56-BFA6-57A778A88844}.Debug|Mixed Platforms.ActiveCfg = Debug|Any CPU
		{7956F6F3-7EC7-4E56-BFA6-57A778A88844}.Debug|Mixed Platforms.Build.0 = Debug|Any CPU
		{7956F6F3-7EC7-4E56-BFA6-57A778A88844}.Debug|x86.ActiveCfg = Debug|Any CPU
		{7956F6F3-7EC7-4E56-BFA6-57A778A88844}.Release|Any CPU.ActiveCfg = Release|Any CPU
		{7956F6F3-7EC7-4E56-BFA6-57A778A88844}.Release|Any CPU.Build.0 = Release|Any CPU
		{7956F6F3-7EC7-4E56-BFA6-57A778A88844}.Release|Mixed Platforms.ActiveCfg = Release|Any CPU
		{7956F6F3-7EC7-4E56-BFA6-57A778A88844}.Release|Mixed Platforms.Build.0 = Release|Any CPU
		{7956F6F3-7EC7-4E56-BFA6-57A778A88844}.Release|x86.ActiveCfg = Release|Any CPU
		{7956F6F3-7EC7-4E56-BFA6-57A778A88844}.TYPE_SAFE|Any CPU.ActiveCfg = Release|Any CPU
		{7956F6F3-7EC7-4E56-BFA6-57A778A88844}.TYPE_SAFE|Any CPU.Build.0 = Release|Any CPU
		{7956F6F3-7EC7-4E56-BFA6-57A778A88844}.TYPE_SAFE|Mixed Platforms.ActiveCfg = Release|Any CPU
		{7956F6F3-7EC7-4E56-BFA6-57A778A88844}.TYPE_SAFE|Mixed Platforms.Build.0 = Release|Any CPU
		{7956F6F3-7EC7-4E56-BFA6-57A778A88844}.TYPE_SAFE|x86.ActiveCfg = Release|Any CPU
		{46BC002F-2D48-4F5B-BC25-263B04AEAA84}.Debug|Any CPU.ActiveCfg = Debug|Any CPU
		{46BC002F-2D48-4F5B-BC25-263B04AEAA84}.Debug|Any CPU.Build.0 = Debug|Any CPU
		{46BC002F-2D48-4F5B-BC25-263B04AEAA84}.Debug|Mixed Platforms.ActiveCfg = Debug|Any CPU
		{46BC002F-2D48-4F5B-BC25-263B04AEAA84}.Debug|Mixed Platforms.Build.0 = Debug|Any CPU
		{46BC002F-2D48-4F5B-BC25-263B04AEAA84}.Debug|x86.ActiveCfg = Debug|Any CPU
		{46BC002F-2D48-4F5B-BC25-263B04AEAA84}.Release|Any CPU.ActiveCfg = Release|Any CPU
		{46BC002F-2D48-4F5B-BC25-263B04AEAA84}.Release|Any CPU.Build.0 = Release|Any CPU
		{46BC002F-2D48-4F5B-BC25-263B04AEAA84}.Release|Mixed Platforms.ActiveCfg = Release|Any CPU
		{46BC002F-2D48-4F5B-BC25-263B04AEAA84}.Release|Mixed Platforms.Build.0 = Release|Any CPU
		{46BC002F-2D48-4F5B-BC25-263B04AEAA84}.Release|x86.ActiveCfg = Release|Any CPU
		{46BC002F-2D48-4F5B-BC25-263B04AEAA84}.TYPE_SAFE|Any CPU.ActiveCfg = Release|Any CPU
		{46BC002F-2D48-4F5B-BC25-263B04AEAA84}.TYPE_SAFE|Any CPU.Build.0 = Release|Any CPU
		{46BC002F-2D48-4F5B-BC25-263B04AEAA84}.TYPE_SAFE|Mixed Platforms.ActiveCfg = Release|Any CPU
		{46BC002F-2D48-4F5B-BC25-263B04AEAA84}.TYPE_SAFE|Mixed Platforms.Build.0 = Release|Any CPU
		{46BC002F-2D48-4F5B-BC25-263B04AEAA84}.TYPE_SAFE|x86.ActiveCfg = Release|Any CPU
		{C3140D9F-AF6A-4848-BED1-0C62C40CB367}.Debug|Any CPU.ActiveCfg = Debug|x86
		{C3140D9F-AF6A-4848-BED1-0C62C40CB367}.Debug|Mixed Platforms.ActiveCfg = Debug|x86
		{C3140D9F-AF6A-4848-BED1-0C62C40CB367}.Debug|Mixed Platforms.Build.0 = Debug|x86
		{C3140D9F-AF6A-4848-BED1-0C62C40CB367}.Debug|x86.ActiveCfg = Debug|x86
		{C3140D9F-AF6A-4848-BED1-0C62C40CB367}.Debug|x86.Build.0 = Debug|x86
		{C3140D9F-AF6A-4848-BED1-0C62C40CB367}.Release|Any CPU.ActiveCfg = Release|x86
		{C3140D9F-AF6A-4848-BED1-0C62C40CB367}.Release|Mixed Platforms.ActiveCfg = Release|x86
		{C3140D9F-AF6A-4848-BED1-0C62C40CB367}.Release|Mixed Platforms.Build.0 = Release|x86
		{C3140D9F-AF6A-4848-BED1-0C62C40CB367}.Release|x86.ActiveCfg = Release|x86
		{C3140D9F-AF6A-4848-BED1-0C62C40CB367}.Release|x86.Build.0 = Release|x86
		{C3140D9F-AF6A-4848-BED1-0C62C40CB367}.TYPE_SAFE|Any CPU.ActiveCfg = Release|x86
		{C3140D9F-AF6A-4848-BED1-0C62C40CB367}.TYPE_SAFE|Mixed Platforms.ActiveCfg = Release|x86
		{C3140D9F-AF6A-4848-BED1-0C62C40CB367}.TYPE_SAFE|Mixed Platforms.Build.0 = Release|x86
		{C3140D9F-AF6A-4848-BED1-0C62C40CB367}.TYPE_SAFE|x86.ActiveCfg = Release|x86
		{C3140D9F-AF6A-4848-BED1-0C62C40CB367}.TYPE_SAFE|x86.Build.0 = Release|x86
		{A01C0CEB-B9AE-4840-8E0D-B0C04028077F}.Debug|Any CPU.ActiveCfg = Debug|x86
		{A01C0CEB-B9AE-4840-8E0D-B0C04028077F}.Debug|Mixed Platforms.ActiveCfg = Debug|x86
		{A01C0CEB-B9AE-4840-8E0D-B0C04028077F}.Debug|Mixed Platforms.Build.0 = Debug|x86
		{A01C0CEB-B9AE-4840-8E0D-B0C04028077F}.Debug|x86.ActiveCfg = Debug|x86
		{A01C0CEB-B9AE-4840-8E0D-B0C04028077F}.Debug|x86.Build.0 = Debug|x86
		{A01C0CEB-B9AE-4840-8E0D-B0C04028077F}.Release|Any CPU.ActiveCfg = Release|x86
		{A01C0CEB-B9AE-4840-8E0D-B0C04028077F}.Release|Mixed Platforms.ActiveCfg = Release|x86
		{A01C0CEB-B9AE-4840-8E0D-B0C04028077F}.Release|Mixed Platforms.Build.0 = Release|x86
		{A01C0CEB-B9AE-4840-8E0D-B0C04028077F}.Release|x86.ActiveCfg = Release|x86
		{A01C0CEB-B9AE-4840-8E0D-B0C04028077F}.Release|x86.Build.0 = Release|x86
		{A01C0CEB-B9AE-4840-8E0D-B0C04028077F}.TYPE_SAFE|Any CPU.ActiveCfg = Release|x86
		{A01C0CEB-B9AE-4840-8E0D-B0C04028077F}.TYPE_SAFE|Mixed Platforms.ActiveCfg = Release|x86
		{A01C0CEB-B9AE-4840-8E0D-B0C04028077F}.TYPE_SAFE|Mixed Platforms.Build.0 = Release|x86
		{A01C0CEB-B9AE-4840-8E0D-B0C04028077F}.TYPE_SAFE|x86.ActiveCfg = Release|x86
		{A01C0CEB-B9AE-4840-8E0D-B0C04028077F}.TYPE_SAFE|x86.Build.0 = Release|x86
		{14DE77DA-06B1-4FBC-8ABA-1AD4101A4B5B}.Debug|Any CPU.ActiveCfg = Debug|Any CPU
		{14DE77DA-06B1-4FBC-8ABA-1AD4101A4B5B}.Debug|Any CPU.Build.0 = Debug|Any CPU
		{14DE77DA-06B1-4FBC-8ABA-1AD4101A4B5B}.Debug|Mixed Platforms.ActiveCfg = Debug|Any CPU
		{14DE77DA-06B1-4FBC-8ABA-1AD4101A4B5B}.Debug|Mixed Platforms.Build.0 = Debug|Any CPU
		{14DE77DA-06B1-4FBC-8ABA-1AD4101A4B5B}.Debug|x86.ActiveCfg = Debug|Any CPU
		{14DE77DA-06B1-4FBC-8ABA-1AD4101A4B5B}.Release|Any CPU.ActiveCfg = Release|Any CPU
		{14DE77DA-06B1-4FBC-8ABA-1AD4101A4B5B}.Release|Any CPU.Build.0 = Release|Any CPU
		{14DE77DA-06B1-4FBC-8ABA-1AD4101A4B5B}.Release|Mixed Platforms.ActiveCfg = Release|Any CPU
		{14DE77DA-06B1-4FBC-8ABA-1AD4101A4B5B}.Release|Mixed Platforms.Build.0 = Release|Any CPU
		{14DE77DA-06B1-4FBC-8ABA-1AD4101A4B5B}.Release|x86.ActiveCfg = Release|Any CPU
		{14DE77DA-06B1-4FBC-8ABA-1AD4101A4B5B}.TYPE_SAFE|Any CPU.ActiveCfg = Release|Any CPU
		{14DE77DA-06B1-4FBC-8ABA-1AD4101A4B5B}.TYPE_SAFE|Any CPU.Build.0 = Release|Any CPU
		{14DE77DA-06B1-4FBC-8ABA-1AD4101A4B5B}.TYPE_SAFE|Mixed Platforms.ActiveCfg = Release|Any CPU
		{14DE77DA-06B1-4FBC-8ABA-1AD4101A4B5B}.TYPE_SAFE|Mixed Platforms.Build.0 = Release|Any CPU
		{14DE77DA-06B1-4FBC-8ABA-1AD4101A4B5B}.TYPE_SAFE|x86.ActiveCfg = Release|Any CPU
		{BDD85EBD-534A-4338-9A1E-7C3B0848C5BA}.Debug|Any CPU.ActiveCfg = Debug|x86
		{BDD85EBD-534A-4338-9A1E-7C3B0848C5BA}.Debug|Mixed Platforms.ActiveCfg = Debug|x86
		{BDD85EBD-534A-4338-9A1E-7C3B0848C5BA}.Debug|Mixed Platforms.Build.0 = Debug|x86
		{BDD85EBD-534A-4338-9A1E-7C3B0848C5BA}.Debug|x86.ActiveCfg = Debug|x86
		{BDD85EBD-534A-4338-9A1E-7C3B0848C5BA}.Debug|x86.Build.0 = Debug|x86
		{BDD85EBD-534A-4338-9A1E-7C3B0848C5BA}.Release|Any CPU.ActiveCfg = Release|x86
		{BDD85EBD-534A-4338-9A1E-7C3B0848C5BA}.Release|Mixed Platforms.ActiveCfg = Release|x86
		{BDD85EBD-534A-4338-9A1E-7C3B0848C5BA}.Release|Mixed Platforms.Build.0 = Release|x86
		{BDD85EBD-534A-4338-9A1E-7C3B0848C5BA}.Release|x86.ActiveCfg = Release|x86
		{BDD85EBD-534A-4338-9A1E-7C3B0848C5BA}.Release|x86.Build.0 = Release|x86
		{BDD85EBD-534A-4338-9A1E-7C3B0848C5BA}.TYPE_SAFE|Any CPU.ActiveCfg = Release|x86
		{BDD85EBD-534A-4338-9A1E-7C3B0848C5BA}.TYPE_SAFE|Mixed Platforms.ActiveCfg = Release|x86
		{BDD85EBD-534A-4338-9A1E-7C3B0848C5BA}.TYPE_SAFE|Mixed Platforms.Build.0 = Release|x86
		{BDD85EBD-534A-4338-9A1E-7C3B0848C5BA}.TYPE_SAFE|x86.ActiveCfg = Release|x86
		{BDD85EBD-534A-4338-9A1E-7C3B0848C5BA}.TYPE_SAFE|x86.Build.0 = Release|x86
		{CBAD44AF-D82D-4390-872F-2F0125F29B21}.Debug|Any CPU.ActiveCfg = Debug|x86
		{CBAD44AF-D82D-4390-872F-2F0125F29B21}.Debug|Mixed Platforms.ActiveCfg = Debug|x86
		{CBAD44AF-D82D-4390-872F-2F0125F29B21}.Debug|Mixed Platforms.Build.0 = Debug|x86
		{CBAD44AF-D82D-4390-872F-2F0125F29B21}.Debug|x86.ActiveCfg = Debug|x86
		{CBAD44AF-D82D-4390-872F-2F0125F29B21}.Debug|x86.Build.0 = Debug|x86
		{CBAD44AF-D82D-4390-872F-2F0125F29B21}.Release|Any CPU.ActiveCfg = Release|x86
		{CBAD44AF-D82D-4390-872F-2F0125F29B21}.Release|Mixed Platforms.ActiveCfg = Release|x86
		{CBAD44AF-D82D-4390-872F-2F0125F29B21}.Release|Mixed Platforms.Build.0 = Release|x86
		{CBAD44AF-D82D-4390-872F-2F0125F29B21}.Release|x86.ActiveCfg = Release|x86
		{CBAD44AF-D82D-4390-872F-2F0125F29B21}.Release|x86.Build.0 = Release|x86
		{CBAD44AF-D82D-4390-872F-2F0125F29B21}.TYPE_SAFE|Any CPU.ActiveCfg = Release|x86
		{CBAD44AF-D82D-4390-872F-2F0125F29B21}.TYPE_SAFE|Mixed Platforms.ActiveCfg = Release|x86
		{CBAD44AF-D82D-4390-872F-2F0125F29B21}.TYPE_SAFE|Mixed Platforms.Build.0 = Release|x86
		{CBAD44AF-D82D-4390-872F-2F0125F29B21}.TYPE_SAFE|x86.ActiveCfg = Release|x86
		{CBAD44AF-D82D-4390-872F-2F0125F29B21}.TYPE_SAFE|x86.Build.0 = Release|x86
	EndGlobalSection
	GlobalSection(SolutionProperties) = preSolution
		HideSolutionNode = FALSE
	EndGlobalSection
EndGlobal
